
Microsoft Visual Studio Solution File, Format Version 12.00
# Visual Studio 15
VisualStudioVersion = 15.0.27130.2010
MinimumVisualStudioVersion = 10.0.40219.1
Project("{FAE04EC0-301F-11D3-BF4B-00C04F79EFBC}") = "SyncExample.Android", "SyncExample\SyncExample.Android\SyncExample.Android.csproj", "{2217DD47-7F85-4CB2-9487-A4F24164CD91}"
EndProject
Project("{FAE04EC0-301F-11D3-BF4B-00C04F79EFBC}") = "SyncExample.iOS", "SyncExample\SyncExample.iOS\SyncExample.iOS.csproj", "{A581B10C-A4BE-4533-AB18-3AA7C0CBD9CB}"
EndProject
Project("{9A19103F-16F7-4668-BE54-9A1E7A4F7556}") = "SyncExample", "SyncExample\SyncExample\SyncExample.csproj", "{B6696A6B-3C59-4D94-9D6E-B9DB64D3D859}"
EndProject
Project("{9A19103F-16F7-4668-BE54-9A1E7A4F7556}") = "SyncExample.API", "SyncExample.API\SyncExample.API.csproj", "{B4415D31-779C-4B13-9A8F-938C0254653B}"
EndProject
Project("{9A19103F-16F7-4668-BE54-9A1E7A4F7556}") = "SyncExample.SQLite", "SyncExample.SQLite\SyncExample.SQLite.csproj", "{4CDE0069-78F8-4631-B159-633F21702CFC}"
EndProject
Global
	GlobalSection(SolutionConfigurationPlatforms) = preSolution
		Ad-Hoc|Any CPU = Ad-Hoc|Any CPU
		Ad-Hoc|iPhone = Ad-Hoc|iPhone
		Ad-Hoc|iPhoneSimulator = Ad-Hoc|iPhoneSimulator
		AppStore|Any CPU = AppStore|Any CPU
		AppStore|iPhone = AppStore|iPhone
		AppStore|iPhoneSimulator = AppStore|iPhoneSimulator
		Debug|Any CPU = Debug|Any CPU
		Debug|iPhone = Debug|iPhone
		Debug|iPhoneSimulator = Debug|iPhoneSimulator
		Release|Any CPU = Release|Any CPU
		Release|iPhone = Release|iPhone
		Release|iPhoneSimulator = Release|iPhoneSimulator
	EndGlobalSection
	GlobalSection(ProjectConfigurationPlatforms) = postSolution
		{2217DD47-7F85-4CB2-9487-A4F24164CD91}.Ad-Hoc|Any CPU.ActiveCfg = Release|Any CPU
		{2217DD47-7F85-4CB2-9487-A4F24164CD91}.Ad-Hoc|Any CPU.Build.0 = Release|Any CPU
		{2217DD47-7F85-4CB2-9487-A4F24164CD91}.Ad-Hoc|Any CPU.Deploy.0 = Release|Any CPU
		{2217DD47-7F85-4CB2-9487-A4F24164CD91}.Ad-Hoc|iPhone.ActiveCfg = Release|Any CPU
		{2217DD47-7F85-4CB2-9487-A4F24164CD91}.Ad-Hoc|iPhone.Build.0 = Release|Any CPU
		{2217DD47-7F85-4CB2-9487-A4F24164CD91}.Ad-Hoc|iPhone.Deploy.0 = Release|Any CPU
		{2217DD47-7F85-4CB2-9487-A4F24164CD91}.Ad-Hoc|iPhoneSimulator.ActiveCfg = Release|Any CPU
		{2217DD47-7F85-4CB2-9487-A4F24164CD91}.Ad-Hoc|iPhoneSimulator.Build.0 = Release|Any CPU
		{2217DD47-7F85-4CB2-9487-A4F24164CD91}.Ad-Hoc|iPhoneSimulator.Deploy.0 = Release|Any CPU
		{2217DD47-7F85-4CB2-9487-A4F24164CD91}.AppStore|Any CPU.ActiveCfg = Release|Any CPU
		{2217DD47-7F85-4CB2-9487-A4F24164CD91}.AppStore|Any CPU.Build.0 = Release|Any CPU
		{2217DD47-7F85-4CB2-9487-A4F24164CD91}.AppStore|Any CPU.Deploy.0 = Release|Any CPU
		{2217DD47-7F85-4CB2-9487-A4F24164CD91}.AppStore|iPhone.ActiveCfg = Release|Any CPU
		{2217DD47-7F85-4CB2-9487-A4F24164CD91}.AppStore|iPhone.Build.0 = Release|Any CPU
		{2217DD47-7F85-4CB2-9487-A4F24164CD91}.AppStore|iPhone.Deploy.0 = Release|Any CPU
		{2217DD47-7F85-4CB2-9487-A4F24164CD91}.AppStore|iPhoneSimulator.ActiveCfg = Release|Any CPU
		{2217DD47-7F85-4CB2-9487-A4F24164CD91}.AppStore|iPhoneSimulator.Build.0 = Release|Any CPU
		{2217DD47-7F85-4CB2-9487-A4F24164CD91}.AppStore|iPhoneSimulator.Deploy.0 = Release|Any CPU
		{2217DD47-7F85-4CB2-9487-A4F24164CD91}.Debug|Any CPU.ActiveCfg = Debug|Any CPU
		{2217DD47-7F85-4CB2-9487-A4F24164CD91}.Debug|Any CPU.Build.0 = Debug|Any CPU
		{2217DD47-7F85-4CB2-9487-A4F24164CD91}.Debug|Any CPU.Deploy.0 = Debug|Any CPU
		{2217DD47-7F85-4CB2-9487-A4F24164CD91}.Debug|iPhone.ActiveCfg = Debug|Any CPU
		{2217DD47-7F85-4CB2-9487-A4F24164CD91}.Debug|iPhone.Build.0 = Debug|Any CPU
		{2217DD47-7F85-4CB2-9487-A4F24164CD91}.Debug|iPhone.Deploy.0 = Debug|Any CPU
		{2217DD47-7F85-4CB2-9487-A4F24164CD91}.Debug|iPhoneSimulator.ActiveCfg = Debug|Any CPU
		{2217DD47-7F85-4CB2-9487-A4F24164CD91}.Debug|iPhoneSimulator.Build.0 = Debug|Any CPU
		{2217DD47-7F85-4CB2-9487-A4F24164CD91}.Debug|iPhoneSimulator.Deploy.0 = Debug|Any CPU
		{2217DD47-7F85-4CB2-9487-A4F24164CD91}.Release|Any CPU.ActiveCfg = Release|Any CPU
		{2217DD47-7F85-4CB2-9487-A4F24164CD91}.Release|Any CPU.Build.0 = Release|Any CPU
		{2217DD47-7F85-4CB2-9487-A4F24164CD91}.Release|Any CPU.Deploy.0 = Release|Any CPU
		{2217DD47-7F85-4CB2-9487-A4F24164CD91}.Release|iPhone.ActiveCfg = Release|Any CPU
		{2217DD47-7F85-4CB2-9487-A4F24164CD91}.Release|iPhone.Build.0 = Release|Any CPU
		{2217DD47-7F85-4CB2-9487-A4F24164CD91}.Release|iPhone.Deploy.0 = Release|Any CPU
		{2217DD47-7F85-4CB2-9487-A4F24164CD91}.Release|iPhoneSimulator.ActiveCfg = Release|Any CPU
		{2217DD47-7F85-4CB2-9487-A4F24164CD91}.Release|iPhoneSimulator.Build.0 = Release|Any CPU
		{2217DD47-7F85-4CB2-9487-A4F24164CD91}.Release|iPhoneSimulator.Deploy.0 = Release|Any CPU
		{A581B10C-A4BE-4533-AB18-3AA7C0CBD9CB}.Ad-Hoc|Any CPU.ActiveCfg = Ad-Hoc|iPhone
		{A581B10C-A4BE-4533-AB18-3AA7C0CBD9CB}.Ad-Hoc|iPhone.ActiveCfg = Ad-Hoc|iPhone
		{A581B10C-A4BE-4533-AB18-3AA7C0CBD9CB}.Ad-Hoc|iPhone.Build.0 = Ad-Hoc|iPhone
		{A581B10C-A4BE-4533-AB18-3AA7C0CBD9CB}.Ad-Hoc|iPhoneSimulator.ActiveCfg = Ad-Hoc|iPhoneSimulator
		{A581B10C-A4BE-4533-AB18-3AA7C0CBD9CB}.Ad-Hoc|iPhoneSimulator.Build.0 = Ad-Hoc|iPhoneSimulator
		{A581B10C-A4BE-4533-AB18-3AA7C0CBD9CB}.AppStore|Any CPU.ActiveCfg = AppStore|iPhone
		{A581B10C-A4BE-4533-AB18-3AA7C0CBD9CB}.AppStore|iPhone.ActiveCfg = AppStore|iPhone
		{A581B10C-A4BE-4533-AB18-3AA7C0CBD9CB}.AppStore|iPhone.Build.0 = AppStore|iPhone
		{A581B10C-A4BE-4533-AB18-3AA7C0CBD9CB}.AppStore|iPhoneSimulator.ActiveCfg = AppStore|iPhoneSimulator
		{A581B10C-A4BE-4533-AB18-3AA7C0CBD9CB}.AppStore|iPhoneSimulator.Build.0 = AppStore|iPhoneSimulator
		{A581B10C-A4BE-4533-AB18-3AA7C0CBD9CB}.Debug|Any CPU.ActiveCfg = Debug|iPhone
		{A581B10C-A4BE-4533-AB18-3AA7C0CBD9CB}.Debug|iPhone.ActiveCfg = Debug|iPhone
		{A581B10C-A4BE-4533-AB18-3AA7C0CBD9CB}.Debug|iPhone.Build.0 = Debug|iPhone
		{A581B10C-A4BE-4533-AB18-3AA7C0CBD9CB}.Debug|iPhoneSimulator.ActiveCfg = Debug|iPhoneSimulator
		{A581B10C-A4BE-4533-AB18-3AA7C0CBD9CB}.Debug|iPhoneSimulator.Build.0 = Debug|iPhoneSimulator
		{A581B10C-A4BE-4533-AB18-3AA7C0CBD9CB}.Release|Any CPU.ActiveCfg = Release|iPhone
		{A581B10C-A4BE-4533-AB18-3AA7C0CBD9CB}.Release|iPhone.ActiveCfg = Release|iPhone
		{A581B10C-A4BE-4533-AB18-3AA7C0CBD9CB}.Release|iPhone.Build.0 = Release|iPhone
		{A581B10C-A4BE-4533-AB18-3AA7C0CBD9CB}.Release|iPhoneSimulator.ActiveCfg = Release|iPhoneSimulator
		{A581B10C-A4BE-4533-AB18-3AA7C0CBD9CB}.Release|iPhoneSimulator.Build.0 = Release|iPhoneSimulator
		{B6696A6B-3C59-4D94-9D6E-B9DB64D3D859}.Ad-Hoc|Any CPU.ActiveCfg = Debug|Any CPU
		{B6696A6B-3C59-4D94-9D6E-B9DB64D3D859}.Ad-Hoc|Any CPU.Build.0 = Debug|Any CPU
		{B6696A6B-3C59-4D94-9D6E-B9DB64D3D859}.Ad-Hoc|iPhone.ActiveCfg = Debug|Any CPU
		{B6696A6B-3C59-4D94-9D6E-B9DB64D3D859}.Ad-Hoc|iPhone.Build.0 = Debug|Any CPU
		{B6696A6B-3C59-4D94-9D6E-B9DB64D3D859}.Ad-Hoc|iPhoneSimulator.ActiveCfg = Debug|Any CPU
		{B6696A6B-3C59-4D94-9D6E-B9DB64D3D859}.Ad-Hoc|iPhoneSimulator.Build.0 = Debug|Any CPU
		{B6696A6B-3C59-4D94-9D6E-B9DB64D3D859}.AppStore|Any CPU.ActiveCfg = Debug|Any CPU
		{B6696A6B-3C59-4D94-9D6E-B9DB64D3D859}.AppStore|Any CPU.Build.0 = Debug|Any CPU
		{B6696A6B-3C59-4D94-9D6E-B9DB64D3D859}.AppStore|iPhone.ActiveCfg = Debug|Any CPU
		{B6696A6B-3C59-4D94-9D6E-B9DB64D3D859}.AppStore|iPhone.Build.0 = Debug|Any CPU
		{B6696A6B-3C59-4D94-9D6E-B9DB64D3D859}.AppStore|iPhoneSimulator.ActiveCfg = Debug|Any CPU
		{B6696A6B-3C59-4D94-9D6E-B9DB64D3D859}.AppStore|iPhoneSimulator.Build.0 = Debug|Any CPU
		{B6696A6B-3C59-4D94-9D6E-B9DB64D3D859}.Debug|Any CPU.ActiveCfg = Debug|Any CPU
		{B6696A6B-3C59-4D94-9D6E-B9DB64D3D859}.Debug|Any CPU.Build.0 = Debug|Any CPU
		{B6696A6B-3C59-4D94-9D6E-B9DB64D3D859}.Debug|iPhone.ActiveCfg = Debug|Any CPU
		{B6696A6B-3C59-4D94-9D6E-B9DB64D3D859}.Debug|iPhone.Build.0 = Debug|Any CPU
		{B6696A6B-3C59-4D94-9D6E-B9DB64D3D859}.Debug|iPhoneSimulator.ActiveCfg = Debug|Any CPU
		{B6696A6B-3C59-4D94-9D6E-B9DB64D3D859}.Debug|iPhoneSimulator.Build.0 = Debug|Any CPU
		{B6696A6B-3C59-4D94-9D6E-B9DB64D3D859}.Release|Any CPU.ActiveCfg = Release|Any CPU
		{B6696A6B-3C59-4D94-9D6E-B9DB64D3D859}.Release|Any CPU.Build.0 = Release|Any CPU
		{B6696A6B-3C59-4D94-9D6E-B9DB64D3D859}.Release|iPhone.ActiveCfg = Release|Any CPU
		{B6696A6B-3C59-4D94-9D6E-B9DB64D3D859}.Release|iPhone.Build.0 = Release|Any CPU
		{B6696A6B-3C59-4D94-9D6E-B9DB64D3D859}.Release|iPhoneSimulator.ActiveCfg = Release|Any CPU
		{B6696A6B-3C59-4D94-9D6E-B9DB64D3D859}.Release|iPhoneSimulator.Build.0 = Release|Any CPU
		{B4415D31-779C-4B13-9A8F-938C0254653B}.Ad-Hoc|Any CPU.ActiveCfg = Debug|Any CPU
		{B4415D31-779C-4B13-9A8F-938C0254653B}.Ad-Hoc|Any CPU.Build.0 = Debug|Any CPU
		{B4415D31-779C-4B13-9A8F-938C0254653B}.Ad-Hoc|iPhone.ActiveCfg = Debug|Any CPU
		{B4415D31-779C-4B13-9A8F-938C0254653B}.Ad-Hoc|iPhone.Build.0 = Debug|Any CPU
		{B4415D31-779C-4B13-9A8F-938C0254653B}.Ad-Hoc|iPhoneSimulator.ActiveCfg = Debug|Any CPU
		{B4415D31-779C-4B13-9A8F-938C0254653B}.Ad-Hoc|iPhoneSimulator.Build.0 = Debug|Any CPU
		{B4415D31-779C-4B13-9A8F-938C0254653B}.AppStore|Any CPU.ActiveCfg = Debug|Any CPU
		{B4415D31-779C-4B13-9A8F-938C0254653B}.AppStore|Any CPU.Build.0 = Debug|Any CPU
		{B4415D31-779C-4B13-9A8F-938C0254653B}.AppStore|iPhone.ActiveCfg = Debug|Any CPU
		{B4415D31-779C-4B13-9A8F-938C0254653B}.AppStore|iPhone.Build.0 = Debug|Any CPU
		{B4415D31-779C-4B13-9A8F-938C0254653B}.AppStore|iPhoneSimulator.ActiveCfg = Debug|Any CPU
		{B4415D31-779C-4B13-9A8F-938C0254653B}.AppStore|iPhoneSimulator.Build.0 = Debug|Any CPU
		{B4415D31-779C-4B13-9A8F-938C0254653B}.Debug|Any CPU.ActiveCfg = Debug|Any CPU
		{B4415D31-779C-4B13-9A8F-938C0254653B}.Debug|Any CPU.Build.0 = Debug|Any CPU
		{B4415D31-779C-4B13-9A8F-938C0254653B}.Debug|iPhone.ActiveCfg = Debug|Any CPU
		{B4415D31-779C-4B13-9A8F-938C0254653B}.Debug|iPhone.Build.0 = Debug|Any CPU
		{B4415D31-779C-4B13-9A8F-938C0254653B}.Debug|iPhoneSimulator.ActiveCfg = Debug|Any CPU
		{B4415D31-779C-4B13-9A8F-938C0254653B}.Debug|iPhoneSimulator.Build.0 = Debug|Any CPU
		{B4415D31-779C-4B13-9A8F-938C0254653B}.Release|Any CPU.ActiveCfg = Release|Any CPU
		{B4415D31-779C-4B13-9A8F-938C0254653B}.Release|Any CPU.Build.0 = Release|Any CPU
		{B4415D31-779C-4B13-9A8F-938C0254653B}.Release|iPhone.ActiveCfg = Release|Any CPU
		{B4415D31-779C-4B13-9A8F-938C0254653B}.Release|iPhone.Build.0 = Release|Any CPU
		{B4415D31-779C-4B13-9A8F-938C0254653B}.Release|iPhoneSimulator.ActiveCfg = Release|Any CPU
		{B4415D31-779C-4B13-9A8F-938C0254653B}.Release|iPhoneSimulator.Build.0 = Release|Any CPU
		{4CDE0069-78F8-4631-B159-633F21702CFC}.Ad-Hoc|Any CPU.ActiveCfg = Debug|Any CPU
		{4CDE0069-78F8-4631-B159-633F21702CFC}.Ad-Hoc|Any CPU.Build.0 = Debug|Any CPU
		{4CDE0069-78F8-4631-B159-633F21702CFC}.Ad-Hoc|iPhone.ActiveCfg = Debug|Any CPU
		{4CDE0069-78F8-4631-B159-633F21702CFC}.Ad-Hoc|iPhone.Build.0 = Debug|Any CPU
		{4CDE0069-78F8-4631-B159-633F21702CFC}.Ad-Hoc|iPhoneSimulator.ActiveCfg = Debug|Any CPU
		{4CDE0069-78F8-4631-B159-633F21702CFC}.Ad-Hoc|iPhoneSimulator.Build.0 = Debug|Any CPU
		{4CDE0069-78F8-4631-B159-633F21702CFC}.AppStore|Any CPU.ActiveCfg = Debug|Any CPU
		{4CDE0069-78F8-4631-B159-633F21702CFC}.AppStore|Any CPU.Build.0 = Debug|Any CPU
		{4CDE0069-78F8-4631-B159-633F21702CFC}.AppStore|iPhone.ActiveCfg = Debug|Any CPU
		{4CDE0069-78F8-4631-B159-633F21702CFC}.AppStore|iPhone.Build.0 = Debug|Any CPU
		{4CDE0069-78F8-4631-B159-633F21702CFC}.AppStore|iPhoneSimulator.ActiveCfg = Debug|Any CPU
		{4CDE0069-78F8-4631-B159-633F21702CFC}.AppStore|iPhoneSimulator.Build.0 = Debug|Any CPU
		{4CDE0069-78F8-4631-B159-633F21702CFC}.Debug|Any CPU.ActiveCfg = Debug|Any CPU
		{4CDE0069-78F8-4631-B159-633F21702CFC}.Debug|Any CPU.Build.0 = Debug|Any CPU
		{4CDE0069-78F8-4631-B159-633F21702CFC}.Debug|iPhone.ActiveCfg = Debug|Any CPU
		{4CDE0069-78F8-4631-B159-633F21702CFC}.Debug|iPhone.Build.0 = Debug|Any CPU
		{4CDE0069-78F8-4631-B159-633F21702CFC}.Debug|iPhoneSimulator.ActiveCfg = Debug|Any CPU
		{4CDE0069-78F8-4631-B159-633F21702CFC}.Debug|iPhoneSimulator.Build.0 = Debug|Any CPU
		{4CDE0069-78F8-4631-B159-633F21702CFC}.Release|Any CPU.ActiveCfg = Release|Any CPU
		{4CDE0069-78F8-4631-B159-633F21702CFC}.Release|Any CPU.Build.0 = Release|Any CPU
		{4CDE0069-78F8-4631-B159-633F21702CFC}.Release|iPhone.ActiveCfg = Release|Any CPU
		{4CDE0069-78F8-4631-B159-633F21702CFC}.Release|iPhone.Build.0 = Release|Any CPU
		{4CDE0069-78F8-4631-B159-633F21702CFC}.Release|iPhoneSimulator.ActiveCfg = Release|Any CPU
		{4CDE0069-78F8-4631-B159-633F21702CFC}.Release|iPhoneSimulator.Build.0 = Release|Any CPU
	EndGlobalSection
	GlobalSection(SolutionProperties) = preSolution
		HideSolutionNode = FALSE
	EndGlobalSection
	GlobalSection(ExtensibilityGlobals) = postSolution
		SolutionGuid = {619E4549-56FE-405E-817C-37BE87945F1C}
	EndGlobalSection
EndGlobal
